Microsoft Visual Studio Solution File, Format Version 12.00
# Visual Studio Version 17
VisualStudioVersion = 17.5.2.0
MinimumVisualStudioVersion = 10.0.40219.1
Project("{FAE04EC0-301F-11D3-BF4B-00C04F79EFBC}") = "NvwUpd", "NvwUpd.csproj", "{18B31795-F480-75B4-0ADC-F2B8342FE098}"
EndProject
Global
	GlobalSection(SolutionConfigurationPlatforms) = preSolution
		Debug|Any CPU = Debug|Any CPU
		Release|Any CPU = Release|Any CPU
	EndGlobalSection
	GlobalSection(ProjectConfigurationPlatforms) = postSolution
		{18B31795-F480-75B4-0ADC-F2B8342FE098}.Debug|Any CPU.ActiveCfg = Debug|Any CPU
		{18B31795-F480-75B4-0ADC-F2B8342FE098}.Debug|Any CPU.Build.0 = Debug|Any CPU
		{18B31795-F480-75B4-0ADC-F2B8342FE098}.Release|Any CPU.ActiveCfg = Release|Any CPU
		{18B31795-F480-75B4-0ADC-F2B8342FE098}.Release|Any CPU.Build.0 = Release|Any CPU
	EndGlobalSection
	GlobalSection(SolutionProperties) = preSolution
		HideSolutionNode = FALSE
	EndGlobalSection
	GlobalSection(ExtensibilityGlobals) = postSolution
		SolutionGuid = {BCC7CC53-1BEE-4A40-A2B1-0A0AFB7CC652}
	EndGlobalSection
EndGlobal
